
Microsoft Visual Studio Solution File, Format Version 12.00
# Visual Studio 2012
Project("{FAE04EC0-301F-11D3-BF4B-00C04F79EFBC}") = "asgone", "ConsoleApplication2\asgone.csproj", "{D56D2BFA-96CD-4D48-A63E-CB0B5B0FB9DE}"
EndProject
Global
	GlobalSection(SolutionConfigurationPlatforms) = preSolution
		Debug|Any CPU = Debug|Any CPU
		Release|Any CPU = Release|Any CPU
	EndGlobalSection
	GlobalSection(ProjectConfigurationPlatforms) = postSolution
		{D56D2BFA-96CD-4D48-A63E-CB0B5B0FB9DE}.Debug|Any CPU.ActiveCfg = Debug|Any CPU
		{D56D2BFA-96CD-4D48-A63E-CB0B5B0FB9DE}.Debug|Any CPU.Build.0 = Debug|Any CPU
		{D56D2BFA-96CD-4D48-A63E-CB0B5B0FB9DE}.Release|Any CPU.ActiveCfg = Release|Any CPU
		{D56D2BFA-96CD-4D48-A63E-CB0B5B0FB9DE}.Release|Any CPU.Build.0 = Release|Any CPU
	EndGlobalSection
	GlobalSection(SolutionProperties) = preSolution
		HideSolutionNode = FALSE
	EndGlobalSection
EndGlobal
