
Microsoft Visual Studio Solution File, Format Version 12.00
# Visual Studio 2012
Project("{FAE04EC0-301F-11D3-BF4B-00C04F79EFBC}") = "Compoundinterest", "Compoundinterest\Compoundinterest.csproj", "{B7E0DD51-BF69-4B09-8C7F-60138A9B882A}"
EndProject
Global
	GlobalSection(SolutionConfigurationPlatforms) = preSolution
		Debug|Any CPU = Debug|Any CPU
		Release|Any CPU = Release|Any CPU
	EndGlobalSection
	GlobalSection(ProjectConfigurationPlatforms) = postSolution
		{B7E0DD51-BF69-4B09-8C7F-60138A9B882A}.Debug|Any CPU.ActiveCfg = Debug|Any CPU
		{B7E0DD51-BF69-4B09-8C7F-60138A9B882A}.Debug|Any CPU.Build.0 = Debug|Any CPU
		{B7E0DD51-BF69-4B09-8C7F-60138A9B882A}.Release|Any CPU.ActiveCfg = Release|Any CPU
		{B7E0DD51-BF69-4B09-8C7F-60138A9B882A}.Release|Any CPU.Build.0 = Release|Any CPU
	EndGlobalSection
	GlobalSection(SolutionProperties) = preSolution
		HideSolutionNode = FALSE
	EndGlobalSection
EndGlobal
